schema: '2.0'
stages:
  preprocessing:
    cmd: python src/preprocessing.py
    deps:
    - path: data/raw/dataset.csv
      hash: md5
      md5: 501e3b04427266e03535e5f0bd058760
      size: 681
    outs:
    - path: data/processed/clean.csv
      hash: md5
      md5: e195fd80bde647a9a33c861337571244
      size: 537
  train:
    cmd: python src/train.py
    deps:
    - path: data/processed/clean.csv
      hash: md5
      md5: e195fd80bde647a9a33c861337571244
      size: 537
    outs:
    - path: models/model.pkl
      hash: md5
      md5: f0a3591a165b9f50daae14070a402a33
      size: 1434
  evaluate:
    cmd: python src/evaluate.py
    deps:
    - path: data/raw/dataset.csv
      hash: md5
      md5: 501e3b04427266e03535e5f0bd058760
      size: 681
    - path: models/model.pkl
      hash: md5
      md5: f0a3591a165b9f50daae14070a402a33
      size: 1434
    outs:
    - path: metrics.json
      hash: md5
      md5: 06acaa5ceb77aa54ddcb00021913d325
      size: 63
